// !$*UTF8*$!
{
	archiveVersion = 1;
	classes = {
	};
	objectVersion = 50;
	objects = {

/* Begin PBXBuildFile section */
		A076F842216749B800747D08 /* AppDelegate.swift in Sources */ = {isa = PBXBuildFile; fileRef = A076F841216749B800747D08 /* AppDelegate.swift */; };
		A076F844216749B800747D08 /* ViewController.swift in Sources */ = {isa = PBXBuildFile; fileRef = A076F843216749B800747D08 /* ViewController.swift */; };
		A076F847216749B800747D08 /* Main.storyboard in Resources */ = {isa = PBXBuildFile; fileRef = A076F845216749B800747D08 /* Main.storyboard */; };
		A076F849216749BA00747D08 /* Assets.xcassets in Resources */ = {isa = PBXBuildFile; fileRef = A076F848216749BA00747D08 /* Assets.xcassets */; };
		A076F84C216749BA00747D08 /* LaunchScreen.storyboard in Resources */ = {isa = PBXBuildFile; fileRef = A076F84A216749BA00747D08 /* LaunchScreen.storyboard */; };
		A0792D4F21686BD100390665 /* Extentions.swift in Sources */ = {isa = PBXBuildFile; fileRef = A0792D4E21686BD100390665 /* Extentions.swift */; };
		A0792D5221692D1E00390665 /* Default-568h@2x.png in Resources */ = {isa = PBXBuildFile; fileRef = A0792D5121692D1E00390665 /* Default-568h@2x.png */; };
		A0C8296C216A5780000A07BF /* BaseViewController.swift in Sources */ = {isa = PBXBuildFile; fileRef = A0C8296B216A5780000A07BF /* BaseViewController.swift */; };
		A0C8296E216A5961000A07BF /* Constant.swift in Sources */ = {isa = PBXBuildFile; fileRef = A0C8296D216A5961000A07BF /* Constant.swift */; };
		A0C82971216A6274000A07BF /* JTSignupViewController.swift in Sources */ = {isa = PBXBuildFile; fileRef = A0C82970216A6274000A07BF /* JTSignupViewController.swift */; };
		A0C82973216A9E6F000A07BF /* JTUrlBuilder.swift in Sources */ = {isa = PBXBuildFile; fileRef = A0C82972216A9E6F000A07BF /* JTUrlBuilder.swift */; };
		B36BCFCA3730319EB72F6792 /* Pods_Daksh.framework in Frameworks */ = {isa = PBXBuildFile; fileRef = 284BAFBC55C8B4C57164B44F /* Pods_Daksh.framework */; };
/* End PBXBuildFile section */

/* Begin PBXFileReference section */
		04083F6D092BDF3622BF0C3C /* Pods-Daksh.debug.xcconfig */ = {isa = PBXFileReference; includeInIndex = 1; lastKnownFileType = text.xcconfig; name = "Pods-Daksh.debug.xcconfig"; path = "Pods/Target Support Files/Pods-Daksh/Pods-Daksh.debug.xcconfig"; sourceTree = "<group>"; };
		284BAFBC55C8B4C57164B44F /* Pods_Daksh.framework */ = {isa = PBXFileReference; explicitFileType = wrapper.framework; includeInIndex = 0; path = Pods_Daksh.framework; sourceTree = BUILT_PRODUCTS_DIR; };
		A076F83E216749B800747D08 /* Daksh.app */ = {isa = PBXFileReference; explicitFileType = wrapper.application; includeInIndex = 0; path = Daksh.app; sourceTree = BUILT_PRODUCTS_DIR; };
		A076F841216749B800747D08 /* AppDelegate.swift */ = {isa = PBXFileReference; lastKnownFileType = sourcecode.swift; path = AppDelegate.swift; sourceTree = "<group>"; };
		A076F843216749B800747D08 /* ViewController.swift */ = {isa = PBXFileReference; lastKnownFileType = sourcecode.swift; path = ViewController.swift; sourceTree = "<group>"; };
		A076F846216749B800747D08 /* Base */ = {isa = PBXFileReference; lastKnownFileType = file.storyboard; name = Base; path = Base.lproj/Main.storyboard; sourceTree = "<group>"; };
		A076F848216749BA00747D08 /* Assets.xcassets */ = {isa = PBXFileReference; lastKnownFileType = folder.assetcatalog; path = Assets.xcassets; sourceTree = "<group>"; };
		A076F84B216749BA00747D08 /* Base */ = {isa = PBXFileReference; lastKnownFileType = file.storyboard; name = Base; path = Base.lproj/LaunchScreen.storyboard; sourceTree = "<group>"; };
		A076F84D216749BA00747D08 /* Info.plist */ = {isa = PBXFileReference; lastKnownFileType = text.plist.xml; path = Info.plist; sourceTree = "<group>"; };
		A0792D4E21686BD100390665 /* Extentions.swift */ = {isa = PBXFileReference; lastKnownFileType = sourcecode.swift; path = Extentions.swift; sourceTree = "<group>"; };
		A0792D5121692D1E00390665 /* Default-568h@2x.png */ = {isa = PBXFileReference; lastKnownFileType = image.png; path = "Default-568h@2x.png"; sourceTree = "<group>"; };
		A0C8296B216A5780000A07BF /* BaseViewController.swift */ = {isa = PBXFileReference; lastKnownFileType = sourcecode.swift; path = BaseViewController.swift; sourceTree = "<group>"; };
		A0C8296D216A5961000A07BF /* Constant.swift */ = {isa = PBXFileReference; lastKnownFileType = sourcecode.swift; path = Constant.swift; sourceTree = "<group>"; };
		A0C82970216A6274000A07BF /* JTSignupViewController.swift */ = {isa = PBXFileReference; lastKnownFileType = sourcecode.swift; path = JTSignupViewController.swift; sourceTree = "<group>"; };
		A0C82972216A9E6F000A07BF /* JTUrlBuilder.swift */ = {isa = PBXFileReference; lastKnownFileType = sourcecode.swift; path = JTUrlBuilder.swift; sourceTree = "<group>"; };
		A84F6ECA7DA4CCC04217696B /* Pods-Daksh.release.xcconfig */ = {isa = PBXFileReference; includeInIndex = 1; lastKnownFileType = text.xcconfig; name = "Pods-Daksh.release.xcconfig"; path = "Pods/Target Support Files/Pods-Daksh/Pods-Daksh.release.xcconfig"; sourceTree = "<group>"; };
/* End PBXFileReference section */

/* Begin PBXFrameworksBuildPhase section */
		A076F83B216749B800747D08 /* Frameworks */ = {
			isa = PBXFrameworksBuildPhase;
			buildActionMask = 2147483647;
			files = (
				B36BCFCA3730319EB72F6792 /* Pods_Daksh.framework in Frameworks */,
			);
			runOnlyForDeploymentPostprocessing = 0;
		};
/* End PBXFrameworksBuildPhase section */

/* Begin PBXGroup section */
		3EBE0258BC47DF90BF97CB5C /* Pods */ = {
			isa = PBXGroup;
			children = (
				04083F6D092BDF3622BF0C3C /* Pods-Daksh.debug.xcconfig */,
				A84F6ECA7DA4CCC04217696B /* Pods-Daksh.release.xcconfig */,
			);
			name = Pods;
			sourceTree = "<group>";
		};
		6B52D41ACA6715ADEFB8F8C1 /* Frameworks */ = {
			isa = PBXGroup;
			children = (
				284BAFBC55C8B4C57164B44F /* Pods_Daksh.framework */,
			);
			name = Frameworks;
			sourceTree = "<group>";
		};
		A076F835216749B800747D08 = {
			isa = PBXGroup;
			children = (
				A0792D5121692D1E00390665 /* Default-568h@2x.png */,
				A076F840216749B800747D08 /* Daksh */,
				A076F83F216749B800747D08 /* Products */,
				3EBE0258BC47DF90BF97CB5C /* Pods */,
				6B52D41ACA6715ADEFB8F8C1 /* Frameworks */,
			);
			sourceTree = "<group>";
		};
		A076F83F216749B800747D08 /* Products */ = {
			isa = PBXGroup;
			children = (
				A076F83E216749B800747D08 /* Daksh.app */,
			);
			name = Products;
			sourceTree = "<group>";
		};
		A076F840216749B800747D08 /* Daksh */ = {
			isa = PBXGroup;
			children = (
				A0792D4D21686B3900390665 /* Utils */,
				A0C8296F216A6244000A07BF /* Login & SignUp */,
				A0C82968216A5699000A07BF /* JTHelper */,
				A076F841216749B800747D08 /* AppDelegate.swift */,
				A076F845216749B800747D08 /* Main.storyboard */,
				A076F848216749BA00747D08 /* Assets.xcassets */,
				A076F84A216749BA00747D08 /* LaunchScreen.storyboard */,
				A076F84D216749BA00747D08 /* Info.plist */,
			);
			path = Daksh;
			sourceTree = "<group>";
		};
		A0792D4D21686B3900390665 /* Utils */ = {
			isa = PBXGroup;
			children = (
			);
			path = Utils;
			sourceTree = "<group>";
		};
		A0C82968216A5699000A07BF /* JTHelper */ = {
			isa = PBXGroup;
			children = (
				A0C8296B216A5780000A07BF /* BaseViewController.swift */,
				A0C82972216A9E6F000A07BF /* JTUrlBuilder.swift */,
				A0C8296D216A5961000A07BF /* Constant.swift */,
				A0792D4E21686BD100390665 /* Extentions.swift */,
			);
			path = JTHelper;
			sourceTree = "<group>";
		};
		A0C8296F216A6244000A07BF /* Login & SignUp */ = {
			isa = PBXGroup;
			children = (
				A076F843216749B800747D08 /* ViewController.swift */,
				A0C82970216A6274000A07BF /* JTSignupViewController.swift */,
			);
			path = "Login & SignUp";
			sourceTree = "<group>";
		};
/* End PBXGroup section */

/* Begin PBXNativeTarget section */
		A076F83D216749B800747D08 /* Daksh */ = {
			isa = PBXNativeTarget;
			buildConfigurationList = A076F850216749BA00747D08 /* Build configuration list for PBXNativeTarget "Daksh" */;
			buildPhases = (
				95B9E2387CE4C5BD05037162 /* [CP] Check Pods Manifest.lock */,
				A076F83A216749B800747D08 /* Sources */,
				A076F83B216749B800747D08 /* Frameworks */,
				A076F83C216749B800747D08 /* Resources */,
				A0792D5021692BE800390665 /* ShellScript */,
				6771E83E9FD01AF9BCA006BE /* [CP] Embed Pods Frameworks */,
			);
			buildRules = (
			);
			dependencies = (
			);
			name = Daksh;
			productName = Daksh;
			productReference = A076F83E216749B800747D08 /* Daksh.app */;
			productType = "com.apple.product-type.application";
		};
/* End PBXNativeTarget section */

/* Begin PBXProject section */
		A076F836216749B800747D08 /* Project object */ = {
			isa = PBXProject;
			attributes = {
				LastSwiftUpdateCheck = 0940;
				LastUpgradeCheck = 0940;
				ORGANIZATIONNAME = "Prashant Dwivedi";
				TargetAttributes = {
					A076F83D216749B800747D08 = {
						CreatedOnToolsVersion = 9.4.1;
						LastSwiftMigration = 1010;
					};
				};
			};
			buildConfigurationList = A076F839216749B800747D08 /* Build configuration list for PBXProject "Daksh" */;
			compatibilityVersion = "Xcode 9.3";
			developmentRegion = en;
			hasScannedForEncodings = 0;
			knownRegions = (
				en,
				Base,
			);
			mainGroup = A076F835216749B800747D08;
			productRefGroup = A076F83F216749B800747D08 /* Products */;
			projectDirPath = "";
			projectRoot = "";
			targets = (
				A076F83D216749B800747D08 /* Daksh */,
			);
		};
/* End PBXProject section */

/* Begin PBXResourcesBuildPhase section */
		A076F83C216749B800747D08 /* Resources */ = {
			isa = PBXResourcesBuildPhase;
			buildActionMask = 2147483647;
			files = (
				A076F84C216749BA00747D08 /* LaunchScreen.storyboard in Resources */,
				A0792D5221692D1E00390665 /* Default-568h@2x.png in Resources */,
				A076F849216749BA00747D08 /* Assets.xcassets in Resources */,
				A076F847216749B800747D08 /* Main.storyboard in Resources */,
			);
			runOnlyForDeploymentPostprocessing = 0;
		};
/* End PBXResourcesBuildPhase section */

/* Begin PBXShellScriptBuildPhase section */
		6771E83E9FD01AF9BCA006BE /* [CP] Embed Pods Frameworks */ = {
			isa = PBXShellScriptBuildPhase;
			buildActionMask = 2147483647;
			files = (
			);
			inputPaths = (
				"${SRCROOT}/Pods/Target Support Files/Pods-Daksh/Pods-Daksh-frameworks.sh",
				"${BUILT_PRODUCTS_DIR}/Alamofire/Alamofire.framework",
			);
			name = "[CP] Embed Pods Frameworks";
			outputPaths = (
				"${TARGET_BUILD_DIR}/${FRAMEWORKS_FOLDER_PATH}/Alamofire.framework",
			);
			runOnlyForDeploymentPostprocessing = 0;
			shellPath = /bin/sh;
			shellScript = "\"${SRCROOT}/Pods/Target Support Files/Pods-Daksh/Pods-Daksh-frameworks.sh\"\n";
			showEnvVarsInLog = 0;
		};
		95B9E2387CE4C5BD05037162 /* [CP] Check Pods Manifest.lock */ = {
			isa = PBXShellScriptBuildPhase;
			buildActionMask = 2147483647;
			files = (
			);
			inputPaths = (
				"${PODS_PODFILE_DIR_PATH}/Podfile.lock",
				"${PODS_ROOT}/Manifest.lock",
			);
			name = "[CP] Check Pods Manifest.lock";
			outputPaths = (
				"$(DERIVED_FILE_DIR)/Pods-Daksh-checkManifestLockResult.txt",
			);
			runOnlyForDeploymentPostprocessing = 0;
			shellPath = /bin/sh;
			shellScript = "diff \"${PODS_PODFILE_DIR_PATH}/Podfile.lock\" \"${PODS_ROOT}/Manifest.lock\" > /dev/null\nif [ $? != 0 ] ; then\n    # print error to STDERR\n    echo \"error: The sandbox is not in sync with the Podfile.lock. Run 'pod install' or update your CocoaPods installation.\" >&2\n    exit 1\nfi\n# This output is used by Xcode 'outputs' to avoid re-running this script phase.\necho \"SUCCESS\" > \"${SCRIPT_OUTPUT_FILE_0}\"\n";
			showEnvVarsInLog = 0;
		};
		A0792D5021692BE800390665 /* ShellScript */ = {
			isa = PBXShellScriptBuildPhase;
			buildActionMask = 2147483647;
			files = (
			);
			runOnlyForDeploymentPostprocessing = 0;
			shellPath = /bin/sh;
			shellScript = "\"${PODS_ROOT}/Fabric/run\" d4a84384dc6b6feddd4d7355899183b27e3cf06b dc9d1009d863539f018846601420889d4276528122c9194cb26eb04f7bc9c88e\n";
		};
/* End PBXShellScriptBuildPhase section */

/* Begin PBXSourcesBuildPhase section */
		A076F83A216749B800747D08 /* Sources */ = {
			isa = PBXSourcesBuildPhase;
			buildActionMask = 2147483647;
			files = (
				A0C82971216A6274000A07BF /* JTSignupViewController.swift in Sources */,
				A076F844216749B800747D08 /* ViewController.swift in Sources */,
				A0C8296C216A5780000A07BF /* BaseViewController.swift in Sources */,
				A0C82973216A9E6F000A07BF /* JTUrlBuilder.swift in Sources */,
				A0C8296E216A5961000A07BF /* Constant.swift in Sources */,
				A076F842216749B800747D08 /* AppDelegate.swift in Sources */,
				A0792D4F21686BD100390665 /* Extentions.swift in Sources */,
			);
			runOnlyForDeploymentPostprocessing = 0;
		};
/* End PBXSourcesBuildPhase section */

/* Begin PBXVariantGroup section */
		A076F845216749B800747D08 /* Main.storyboard */ = {
			isa = PBXVariantGroup;
			children = (
				A076F846216749B800747D08 /* Base */,
			);
			name = Main.storyboard;
			sourceTree = "<group>";
		};
		A076F84A216749BA00747D08 /* LaunchScreen.storyboard */ = {
			isa = PBXVariantGroup;
			children = (
				A076F84B216749BA00747D08 /* Base */,
			);
			name = LaunchScreen.storyboard;
			sourceTree = "<group>";
		};
/* End PBXVariantGroup section */

/* Begin XCBuildConfiguration section */
		A076F84E216749BA00747D08 /* Debug */ = {
			isa = XCBuildConfiguration;
			buildSettings = {
				ALWAYS_SEARCH_USER_PATHS = NO;
				CLANG_ANALYZER_NONNULL = YES;
				CLANG_ANALYZER_NUMBER_OBJECT_CONVERSION = YES_AGGRESSIVE;
				CLANG_CXX_LANGUAGE_STANDARD = "gnu++14";
				CLANG_CXX_LIBRARY = "libc++";
				CLANG_ENABLE_MODULES = YES;
				CLANG_ENABLE_OBJC_ARC = YES;
				CLANG_ENABLE_OBJC_WEAK = YES;
				CLANG_WARN_BLOCK_CAPTURE_AUTORELEASING = YES;
				CLANG_WARN_BOOL_CONVERSION = YES;
				CLANG_WARN_COMMA = YES;
				CLANG_WARN_CONSTANT_CONVERSION = YES;
				CLANG_WARN_DEPRECATED_OBJC_IMPLEMENTATIONS = YES;
				CLANG_WARN_DIRECT_OBJC_ISA_USAGE = YES_ERROR;
				CLANG_WARN_DOCUMENTATION_COMMENTS = YES;
				CLANG_WARN_EMPTY_BODY = YES;
				CLANG_WARN_ENUM_CONVERSION = YES;
				CLANG_WARN_INFINITE_RECURSION = YES;
				CLANG_WARN_INT_CONVERSION = YES;
				CLANG_WARN_NON_LITERAL_NULL_CONVERSION = YES;
				CLANG_WARN_OBJC_IMPLICIT_RETAIN_SELF = YES;
				CLANG_WARN_OBJC_LITERAL_CONVERSION = YES;
				CLANG_WARN_OBJC_ROOT_CLASS = YES_ERROR;
				CLANG_WARN_RANGE_LOOP_ANALYSIS = YES;
				CLANG_WARN_STRICT_PROTOTYPES = YES;
				CLANG_WARN_SUSPICIOUS_MOVE = YES;
				CLANG_WARN_UNGUARDED_AVAILABILITY = YES_AGGRESSIVE;
				CLANG_WARN_UNREACHABLE_CODE = YES;
				CLANG_WARN__DUPLICATE_METHOD_MATCH = YES;
				CODE_SIGN_IDENTITY = "iPhone Developer";
				COPY_PHASE_STRIP = NO;
				DEBUG_INFORMATION_FORMAT = dwarf;
				ENABLE_STRICT_OBJC_MSGSEND = YES;
				ENABLE_TESTABILITY = YES;
				GCC_C_LANGUAGE_STANDARD = gnu11;
				GCC_DYNAMIC_NO_PIC = NO;
				GCC_NO_COMMON_BLOCKS = YES;
				GCC_OPTIMIZATION_LEVEL = 0;
				GCC_PREPROCESSOR_DEFINITIONS = (
					"DEBUG=1",
					"$(inherited)",
				);
				GCC_WARN_64_TO_32_BIT_CONVERSION = YES;
				GCC_WARN_ABOUT_RETURN_TYPE = YES_ERROR;
				GCC_WARN_UNDECLARED_SELECTOR = YES;
				GCC_WARN_UNINITIALIZED_AUTOS = YES_AGGRESSIVE;
				GCC_WARN_UNUSED_FUNCTION = YES;
				GCC_WARN_UNUSED_VARIABLE = YES;
				IPHONEOS_DEPLOYMENT_TARGET = 11.4;
				MTL_ENABLE_DEBUG_INFO = YES;
				ONLY_ACTIVE_ARCH = YES;
				SDKROOT = iphoneos;
				SWIFT_ACTIVE_COMPILATION_CONDITIONS = DEBUG;
				SWIFT_OPTIMIZATION_LEVEL = "-Onone";
			};
			name = Debug;
		};
		A076F84F216749BA00747D08 /* Release */ = {
			isa = XCBuildConfiguration;
			buildSettings = {
				ALWAYS_SEARCH_USER_PATHS = NO;
				CLANG_ANALYZER_NONNULL = YES;
				CLANG_ANALYZER_NUMBER_OBJECT_CONVERSION = YES_AGGRESSIVE;
				CLANG_CXX_LANGUAGE_STANDARD = "gnu++14";
				CLANG_CXX_LIBRARY = "libc++";
				CLANG_ENABLE_MODULES = YES;
				CLANG_ENABLE_OBJC_ARC = YES;
				CLANG_ENABLE_OBJC_WEAK = YES;
				CLANG_WARN_BLOCK_CAPTURE_AUTORELEASING = YES;
				CLANG_WARN_BOOL_CONVERSION = YES;
				CLANG_WARN_COMMA = YES;
				CLANG_WARN_CONSTANT_CONVERSION = YES;
				CLANG_WARN_DEPRECATED_OBJC_IMPLEMENTATIONS = YES;
				CLANG_WARN_DIRECT_OBJC_ISA_USAGE = YES_ERROR;
				CLANG_WARN_DOCUMENTATION_COMMENTS = YES;
				CLANG_WARN_EMPTY_BODY = YES;
				CLANG_WARN_ENUM_CONVERSION = YES;
				CLANG_WARN_INFINITE_RECURSION = YES;
				CLANG_WARN_INT_CONVERSION = YES;
				CLANG_WARN_NON_LITERAL_NULL_CONVERSION = YES;
				CLANG_WARN_OBJC_IMPLICIT_RETAIN_SELF = YES;
				CLANG_WARN_OBJC_LITERAL_CONVERSION = YES;
				CLANG_WARN_OBJC_ROOT_CLASS = YES_ERROR;
				CLANG_WARN_RANGE_LOOP_ANALYSIS = YES;
				CLANG_WARN_STRICT_PROTOTYPES = YES;
				CLANG_WARN_SUSPICIOUS_MOVE = YES;
				CLANG_WARN_UNGUARDED_AVAILABILITY = YES_AGGRESSIVE;
				CLANG_WARN_UNREACHABLE_CODE = YES;
				CLANG_WARN__DUPLICATE_METHOD_MATCH = YES;
				CODE_SIGN_IDENTITY = "iPhone Developer";
				COPY_PHASE_STRIP = NO;
				DEBUG_INFORMATION_FORMAT = "dwarf-with-dsym";
				ENABLE_NS_ASSERTIONS = NO;
				ENABLE_STRICT_OBJC_MSGSEND = YES;
				GCC_C_LANGUAGE_STANDARD = gnu11;
				GCC_NO_COMMON_BLOCKS = YES;
				GCC_WARN_64_TO_32_BIT_CONVERSION = YES;
				GCC_WARN_ABOUT_RETURN_TYPE = YES_ERROR;
				GCC_WARN_UNDECLARED_SELECTOR = YES;
				GCC_WARN_UNINITIALIZED_AUTOS = YES_AGGRESSIVE;
				GCC_WARN_UNUSED_FUNCTION = YES;
				GCC_WARN_UNUSED_VARIABLE = YES;
				IPHONEOS_DEPLOYMENT_TARGET = 11.4;
				MTL_ENABLE_DEBUG_INFO = NO;
				SDKROOT = iphoneos;
				SWIFT_COMPILATION_MODE = wholemodule;
				SWIFT_OPTIMIZATION_LEVEL = "-O";
				VALIDATE_PRODUCT = YES;
			};
			name = Release;
		};
		A076F851216749BA00747D08 /* Debug */ = {
			isa = XCBuildConfiguration;
			baseConfigurationReference = 04083F6D092BDF3622BF0C3C /* Pods-Daksh.debug.xcconfig */;
			buildSettings = {
				ASSETCATALOG_COMPILER_APPICON_NAME = AppIcon;
				CODE_SIGN_STYLE = Automatic;
				DEVELOPMENT_TEAM = 9C458QZZ9J;
				INFOPLIST_FILE = Daksh/Info.plist;
				LD_RUNPATH_SEARCH_PATHS = (
					"$(inherited)",
					"@executable_path/Frameworks",
				);
				PRODUCT_BUNDLE_IDENTIFIER = com.janitri.Daksh;
				PRODUCT_NAME = "$(TARGET_NAME)";
				SWIFT_VERSION = 4.2;
				TARGETED_DEVICE_FAMILY = "1,2";
			};
			name = Debug;
		};
		A076F852216749BA00747D08 /* Release */ = {
			isa = XCBuildConfiguration;
			baseConfigurationReference = A84F6ECA7DA4CCC04217696B /* Pods-Daksh.release.xcconfig */;
			buildSettings = {
				ASSETCATALOG_COMPILER_APPICON_NAME = AppIcon;
				CODE_SIGN_STYLE = Automatic;
				DEVELOPMENT_TEAM = 9C458QZZ9J;
				INFOPLIST_FILE = Daksh/Info.plist;
				LD_RUNPATH_SEARCH_PATHS = (
					"$(inherited)",
					"@executable_path/Frameworks",
				);
				PRODUCT_BUNDLE_IDENTIFIER = com.janitri.Daksh;
				PRODUCT_NAME = "$(TARGET_NAME)";
				SWIFT_VERSION = 4.2;
				TARGETED_DEVICE_FAMILY = "1,2";
			};
			name = Release;
		};
/* End XCBuildConfiguration section */

/* Begin XCConfigurationList section */
		A076F839216749B800747D08 /* Build configuration list for PBXProject "Daksh" */ = {
			isa = XCConfigurationList;
			buildConfigurations = (
				A076F84E216749BA00747D08 /* Debug */,
				A076F84F216749BA00747D08 /* Release */,
			);
			defaultConfigurationIsVisible = 0;
			defaultConfigurationName = Release;
		};
		A076F850216749BA00747D08 /* Build configuration list for PBXNativeTarget "Daksh" */ = {
			isa = XCConfigurationList;
			buildConfigurations = (
				A076F851216749BA00747D08 /* Debug */,
				A076F852216749BA00747D08 /* Release */,
			);
			defaultConfigurationIsVisible = 0;
			defaultConfigurationName = Release;
		};
/* End XCConfigurationList section */
	};
	rootObject = A076F836216749B800747D08 /* Project object */;
}
